PODS:
  - advertising_id (0.0.1):
    - Flutter
  - Flutter (1.0.0)

DEPENDENCIES:
  - advertising_id (from `.symlinks/plugins/advertising_id/ios`)
  - Flutter (from `.symlinks/flutter/ios`)

EXTERNAL SOURCES:
  advertising_id:
    :path: ".symlinks/plugins/advertising_id/ios"
  Flutter:
    :path: ".symlinks/flutter/ios"

SPEC CHECKSUMS:
  advertising_id: 31c738918c2e04d86d80c293357e61e06e87df74
  Flutter: 58dd7d1b27887414a370fcccb9e645c08ffd7a6a

PODFILE CHECKSUM: 52ff4956edcd990c242ae67fe5464b057ac663b7

COCOAPODS: 1.7.2
